
Microsoft Visual Studio Solution File, Format Version 12.00
# Visual Studio Version 17
VisualStudioVersion = 17.12.35527.113 d17.12
MinimumVisualStudioVersion = 10.0.40219.1
Project("{FAE04EC0-301F-11D3-BF4B-00C04F79EFBC}") = "PollApp.UI", "PollApp.UI\PollApp.UI.csproj", "{5CD1B9DD-4D73-4247-A316-A9E24E1FDE3C}"
EndProject
Project("{FAE04EC0-301F-11D3-BF4B-00C04F79EFBC}") = "PollApp.AppHost", "PollApp.AppHost\PollApp.AppHost.csproj", "{07942DB2-21E9-46D4-B23B-9F32B12FBE12}"
EndProject
Project("{FAE04EC0-301F-11D3-BF4B-00C04F79EFBC}") = "PollApp.ServiceDefaults", "PollApp.ServiceDefaults\PollApp.ServiceDefaults.csproj", "{A4D275A7-8624-4C50-AFEF-FA3EEEA32DBF}"
EndProject
Global
	GlobalSection(SolutionConfigurationPlatforms) = preSolution
		Debug|Any CPU = Debug|Any CPU
		Release|Any CPU = Release|Any CPU
	EndGlobalSection
	GlobalSection(ProjectConfigurationPlatforms) = postSolution
		{5CD1B9DD-4D73-4247-A316-A9E24E1FDE3C}.Debug|Any CPU.ActiveCfg = Debug|Any CPU
		{5CD1B9DD-4D73-4247-A316-A9E24E1FDE3C}.Debug|Any CPU.Build.0 = Debug|Any CPU
		{5CD1B9DD-4D73-4247-A316-A9E24E1FDE3C}.Release|Any CPU.ActiveCfg = Release|Any CPU
		{5CD1B9DD-4D73-4247-A316-A9E24E1FDE3C}.Release|Any CPU.Build.0 = Release|Any CPU
		{07942DB2-21E9-46D4-B23B-9F32B12FBE12}.Debug|Any CPU.ActiveCfg = Debug|Any CPU
		{07942DB2-21E9-46D4-B23B-9F32B12FBE12}.Debug|Any CPU.Build.0 = Debug|Any CPU
		{07942DB2-21E9-46D4-B23B-9F32B12FBE12}.Release|Any CPU.ActiveCfg = Release|Any CPU
		{07942DB2-21E9-46D4-B23B-9F32B12FBE12}.Release|Any CPU.Build.0 = Release|Any CPU
		{A4D275A7-8624-4C50-AFEF-FA3EEEA32DBF}.Debug|Any CPU.ActiveCfg = Debug|Any CPU
		{A4D275A7-8624-4C50-AFEF-FA3EEEA32DBF}.Debug|Any CPU.Build.0 = Debug|Any CPU
		{A4D275A7-8624-4C50-AFEF-FA3EEEA32DBF}.Release|Any CPU.ActiveCfg = Release|Any CPU
		{A4D275A7-8624-4C50-AFEF-FA3EEEA32DBF}.Release|Any CPU.Build.0 = Release|Any CPU
	EndGlobalSection
	GlobalSection(SolutionProperties) = preSolution
		HideSolutionNode = FALSE
	EndGlobalSection
EndGlobal
