
Microsoft Visual Studio Solution File, Format Version 12.00
# Visual Studio Version 17
VisualStudioVersion = 17.12.35527.113 d17.12
MinimumVisualStudioVersion = 10.0.40219.1
Project("{FAE04EC0-301F-11D3-BF4B-00C04F79EFBC}") = "PollApp.UI", "PollApp.UI\PollApp.UI.csproj", "{0B19B9C6-8312-4F23-80D0-531DAB490346}"
EndProject
Project("{FAE04EC0-301F-11D3-BF4B-00C04F79EFBC}") = "PollApp.AppHost", "PollApp.AppHost\PollApp.AppHost.csproj", "{0237BD8F-FD07-43B7-899F-F9CE0D1951A5}"
EndProject
Project("{FAE04EC0-301F-11D3-BF4B-00C04F79EFBC}") = "PollApp.ServiceDefaults", "PollApp.ServiceDefaults\PollApp.ServiceDefaults.csproj", "{D55E6738-6780-4510-AB7F-75B82ABECEC1}"
EndProject
Project("{FAE04EC0-301F-11D3-BF4B-00C04F79EFBC}") = "PollApp.UI.Tests", "PollApp.UI.Tests\PollApp.UI.Tests.csproj", "{D7C95562-9456-4980-87D0-652B6ED9573F}"
EndProject
Global
	GlobalSection(SolutionConfigurationPlatforms) = preSolution
		Debug|Any CPU = Debug|Any CPU
		Release|Any CPU = Release|Any CPU
	EndGlobalSection
	GlobalSection(ProjectConfigurationPlatforms) = postSolution
		{0B19B9C6-8312-4F23-80D0-531DAB490346}.Debug|Any CPU.ActiveCfg = Debug|Any CPU
		{0B19B9C6-8312-4F23-80D0-531DAB490346}.Debug|Any CPU.Build.0 = Debug|Any CPU
		{0B19B9C6-8312-4F23-80D0-531DAB490346}.Release|Any CPU.ActiveCfg = Release|Any CPU
		{0B19B9C6-8312-4F23-80D0-531DAB490346}.Release|Any CPU.Build.0 = Release|Any CPU
		{0237BD8F-FD07-43B7-899F-F9CE0D1951A5}.Debug|Any CPU.ActiveCfg = Debug|Any CPU
		{0237BD8F-FD07-43B7-899F-F9CE0D1951A5}.Debug|Any CPU.Build.0 = Debug|Any CPU
		{0237BD8F-FD07-43B7-899F-F9CE0D1951A5}.Release|Any CPU.ActiveCfg = Release|Any CPU
		{0237BD8F-FD07-43B7-899F-F9CE0D1951A5}.Release|Any CPU.Build.0 = Release|Any CPU
		{D55E6738-6780-4510-AB7F-75B82ABECEC1}.Debug|Any CPU.ActiveCfg = Debug|Any CPU
		{D55E6738-6780-4510-AB7F-75B82ABECEC1}.Debug|Any CPU.Build.0 = Debug|Any CPU
		{D55E6738-6780-4510-AB7F-75B82ABECEC1}.Release|Any CPU.ActiveCfg = Release|Any CPU
		{D55E6738-6780-4510-AB7F-75B82ABECEC1}.Release|Any CPU.Build.0 = Release|Any CPU
		{D7C95562-9456-4980-87D0-652B6ED9573F}.Debug|Any CPU.ActiveCfg = Debug|Any CPU
		{D7C95562-9456-4980-87D0-652B6ED9573F}.Debug|Any CPU.Build.0 = Debug|Any CPU
		{D7C95562-9456-4980-87D0-652B6ED9573F}.Release|Any CPU.ActiveCfg = Release|Any CPU
		{D7C95562-9456-4980-87D0-652B6ED9573F}.Release|Any CPU.Build.0 = Release|Any CPU
	EndGlobalSection
	GlobalSection(SolutionProperties) = preSolution
		HideSolutionNode = FALSE
	EndGlobalSection
EndGlobal
